
Microsoft Visual Studio Solution File, Format Version 11.00
# Visual Studio 2010
Project("{FAE04EC0-301F-11D3-BF4B-00C04F79EFBC}") = "AndroidApplication", "AndroidApplication.csproj", "{4ABADEFA-79AC-4B40-B9ED-9E92B29D4507}"
	ProjectSection(ProjectDependencies) = postProject
		{7FF207DF-EF42-46A1-BBF4-B87F13F5C99A} = {7FF207DF-EF42-46A1-BBF4-B87F13F5C99A}
	EndProjectSection
EndProject
Project("{FAE04EC0-301F-11D3-BF4B-00C04F79EFBC}") = "ReasonFramework", "..\ReasonFramework\ReasonFramework.csproj", "{7FF207DF-EF42-46A1-BBF4-B87F13F5C99A}"
EndProject
Global
	GlobalSection(SolutionConfigurationPlatforms) = preSolution
		Debug|Any CPU = Debug|Any CPU
		Release|Any CPU = Release|Any CPU
	EndGlobalSection
	GlobalSection(ProjectConfigurationPlatforms) = postSolution
		{4ABADEFA-79AC-4B40-B9ED-9E92B29D4507}.Debug|Any CPU.ActiveCfg = Debug|Any CPU
		{4ABADEFA-79AC-4B40-B9ED-9E92B29D4507}.Debug|Any CPU.Build.0 = Debug|Any CPU
		{4ABADEFA-79AC-4B40-B9ED-9E92B29D4507}.Debug|Any CPU.Deploy.0 = Debug|Any CPU
		{4ABADEFA-79AC-4B40-B9ED-9E92B29D4507}.Release|Any CPU.ActiveCfg = Release|Any CPU
		{4ABADEFA-79AC-4B40-B9ED-9E92B29D4507}.Release|Any CPU.Build.0 = Release|Any CPU
		{4ABADEFA-79AC-4B40-B9ED-9E92B29D4507}.Release|Any CPU.Deploy.0 = Release|Any CPU
		{7FF207DF-EF42-46A1-BBF4-B87F13F5C99A}.Debug|Any CPU.ActiveCfg = Debug|Any CPU
		{7FF207DF-EF42-46A1-BBF4-B87F13F5C99A}.Debug|Any CPU.Build.0 = Debug|Any CPU
		{7FF207DF-EF42-46A1-BBF4-B87F13F5C99A}.Release|Any CPU.ActiveCfg = Release|Any CPU
		{7FF207DF-EF42-46A1-BBF4-B87F13F5C99A}.Release|Any CPU.Build.0 = Release|Any CPU
	EndGlobalSection
	GlobalSection(SolutionProperties) = preSolution
		HideSolutionNode = FALSE
	EndGlobalSection
EndGlobal
